
Microsoft Visual Studio Solution File, Format Version 12.00
# Visual Studio Version 17
VisualStudioVersion = 17.0.31815.197
MinimumVisualStudioVersion = 10.0.40219.1
Project("{FAE04EC0-301F-11D3-BF4B-00C04F79EFBC}") = "P2HowOld_Is_YourCatCodeBehind_Only", "P2HowOld_Is_YourCatCodeBehind_Only\P2HowOld_Is_YourCatCodeBehind_Only.csproj", "{55C27027-0115-4842-AA45-6754F7C2256D}"
EndProject
Global
	GlobalSection(SolutionConfigurationPlatforms) = preSolution
		Debug|Any CPU = Debug|Any CPU
		Release|Any CPU = Release|Any CPU
	EndGlobalSection
	GlobalSection(ProjectConfigurationPlatforms) = postSolution
		{55C27027-0115-4842-AA45-6754F7C2256D}.Debug|Any CPU.ActiveCfg = Debug|Any CPU
		{55C27027-0115-4842-AA45-6754F7C2256D}.Debug|Any CPU.Build.0 = Debug|Any CPU
		{55C27027-0115-4842-AA45-6754F7C2256D}.Release|Any CPU.ActiveCfg = Release|Any CPU
		{55C27027-0115-4842-AA45-6754F7C2256D}.Release|Any CPU.Build.0 = Release|Any CPU
	EndGlobalSection
	GlobalSection(SolutionProperties) = preSolution
		HideSolutionNode = FALSE
	EndGlobalSection
	GlobalSection(ExtensibilityGlobals) = postSolution
		SolutionGuid = {479543FF-6C6C-42C4-9EE3-AF2177428F09}
	EndGlobalSection
EndGlobal
